
Microsoft Visual Studio Solution File, Format Version 12.00
# Visual Studio Version 17
VisualStudioVersion = 17.11.35327.3
MinimumVisualStudioVersion = 10.0.40219.1
Project("{FAE04EC0-301F-11D3-BF4B-00C04F79EFBC}") = "Challenge2_4", "Challenge2_4.csproj", "{A650D97A-8D57-4928-9468-BD1A56D9F4FC}"
EndProject
Global
	GlobalSection(SolutionConfigurationPlatforms) = preSolution
		Debug|Any CPU = Debug|Any CPU
		Release|Any CPU = Release|Any CPU
	EndGlobalSection
	GlobalSection(ProjectConfigurationPlatforms) = postSolution
		{A650D97A-8D57-4928-9468-BD1A56D9F4FC}.Debug|Any CPU.ActiveCfg = Debug|Any CPU
		{A650D97A-8D57-4928-9468-BD1A56D9F4FC}.Debug|Any CPU.Build.0 = Debug|Any CPU
		{A650D97A-8D57-4928-9468-BD1A56D9F4FC}.Release|Any CPU.ActiveCfg = Release|Any CPU
		{A650D97A-8D57-4928-9468-BD1A56D9F4FC}.Release|Any CPU.Build.0 = Release|Any CPU
	EndGlobalSection
	GlobalSection(SolutionProperties) = preSolution
		HideSolutionNode = FALSE
	EndGlobalSection
	GlobalSection(ExtensibilityGlobals) = postSolution
		SolutionGuid = {B99C3E33-E266-4C0B-868B-8380BA05050B}
	EndGlobalSection
EndGlobal
